// !$*UTF8*$!
{
	archiveVersion = 1;
	classes = {
	};
	objectVersion = 55;
	objects = {

/* Begin PBXBuildFile section */
		2FB06132F67A516A21558DEB /* Pods_Silent_Rock.framework in Frameworks */ = {isa = PBXBuildFile; fileRef = 999867BDA14D5C59642FCD7F /* Pods_Silent_Rock.framework */; };
		C91D870F273C2F6B00283190 /* AppDelegate.swift in Sources */ = {isa = PBXBuildFile; fileRef = C91D870E273C2F6B00283190 /* AppDelegate.swift */; };
		C91D8711273C2F6B00283190 /* SceneDelegate.swift in Sources */ = {isa = PBXBuildFile; fileRef = C91D8710273C2F6B00283190 /* SceneDelegate.swift */; };
		C91D8713273C2F6B00283190 /* ViewController.swift in Sources */ = {isa = PBXBuildFile; fileRef = C91D8712273C2F6B00283190 /* ViewController.swift */; };
		C91D8716273C2F6B00283190 /* Main.storyboard in Resources */ = {isa = PBXBuildFile; fileRef = C91D8714273C2F6B00283190 /* Main.storyboard */; };
		C91D8718273C2F6F00283190 /* Assets.xcassets in Resources */ = {isa = PBXBuildFile; fileRef = C91D8717273C2F6F00283190 /* Assets.xcassets */; };
		C91D871B273C2F6F00283190 /* LaunchScreen.storyboard in Resources */ = {isa = PBXBuildFile; fileRef = C91D8719273C2F6F00283190 /* LaunchScreen.storyboard */; };
		C91D8726273C35CA00283190 /* BorderButton.swift in Sources */ = {isa = PBXBuildFile; fileRef = C91D8725273C35CA00283190 /* BorderButton.swift */; };
		C91F07A028AC2C710028FE4F /* GoogleService-Info.plist in Resources */ = {isa = PBXBuildFile; fileRef = C91F079F28AC2C700028FE4F /* GoogleService-Info.plist */; };
		C92ADF9B27A7818E002A0030 /* VerificationCode.swift in Sources */ = {isa = PBXBuildFile; fileRef = C92ADF9A27A7818E002A0030 /* VerificationCode.swift */; };
		C92ADF9D27A79282002A0030 /* profileViewController.swift in Sources */ = {isa = PBXBuildFile; fileRef = C92ADF9C27A79282002A0030 /* profileViewController.swift */; };
		C937292427B1AEFA00A8265D /* BorderTable.swift in Sources */ = {isa = PBXBuildFile; fileRef = C937292327B1AEFA00A8265D /* BorderTable.swift */; };
		C937292727B1C83E00A8265D /* addFriendsTableViewCell.swift in Sources */ = {isa = PBXBuildFile; fileRef = C937292527B1C83E00A8265D /* addFriendsTableViewCell.swift */; };
		C937292827B1C83E00A8265D /* addFriendsTableViewCell.xib in Resources */ = {isa = PBXBuildFile; fileRef = C937292627B1C83E00A8265D /* addFriendsTableViewCell.xib */; };
		C937292B27B4373F00A8265D /* NotificationTableViewCell.swift in Sources */ = {isa = PBXBuildFile; fileRef = C937292927B4373D00A8265D /* NotificationTableViewCell.swift */; };
		C937292C27B4373F00A8265D /* NotificationTableViewCell.xib in Resources */ = {isa = PBXBuildFile; fileRef = C937292A27B4373D00A8265D /* NotificationTableViewCell.xib */; };
		C9817C7727DE5959009FBC29 /* TabBarController.swift in Sources */ = {isa = PBXBuildFile; fileRef = C9817C7627DE5959009FBC29 /* TabBarController.swift */; };
		C985836327A08AC1002197FD /* verificationViewController.swift in Sources */ = {isa = PBXBuildFile; fileRef = C985836227A08AC1002197FD /* verificationViewController.swift */; };
		C9957C7F279F7E750062A009 /* loginViewController.swift in Sources */ = {isa = PBXBuildFile; fileRef = C9957C7E279F7E750062A009 /* loginViewController.swift */; };
		C9957C81279F7F4C0062A009 /* registerViewController.swift in Sources */ = {isa = PBXBuildFile; fileRef = C9957C80279F7F4C0062A009 /* registerViewController.swift */; };
		C9957C8327A0754D0062A009 /* GoogleService-Info.plist in Resources */ = {isa = PBXBuildFile; fileRef = C9957C8227A0754D0062A009 /* GoogleService-Info.plist */; };
		C9957C8627A078380062A009 /* FirebaseAnalyticsSwift-Beta in Frameworks */ = {isa = PBXBuildFile; productRef = C9957C8527A078380062A009 /* FirebaseAnalyticsSwift-Beta */; };
		C9957C8827A078380062A009 /* FirebaseAuth in Frameworks */ = {isa = PBXBuildFile; productRef = C9957C8727A078380062A009 /* FirebaseAuth */; };
		C9ABC2A827AC4D1F00460B77 /* Season.swift in Sources */ = {isa = PBXBuildFile; fileRef = C9ABC2A727AC4D1F00460B77 /* Season.swift */; };
		C9ABC2AA27AC544F00460B77 /* LocalNotificationSound2.mp3 in Resources */ = {isa = PBXBuildFile; fileRef = C9ABC2A927AC544F00460B77 /* LocalNotificationSound2.mp3 */; };
		C9ABC2AD27AC564C00460B77 /* StatsTableViewCell.swift in Sources */ = {isa = PBXBuildFile; fileRef = C9ABC2AB27AC564C00460B77 /* StatsTableViewCell.swift */; };
		C9ABC2AE27AC564C00460B77 /* StatsTableViewCell.xib in Resources */ = {isa = PBXBuildFile; fileRef = C9ABC2AC27AC564C00460B77 /* StatsTableViewCell.xib */; };
		C9ABC2B027AC5A1700460B77 /* leaderboardDetailViewController.swift in Sources */ = {isa = PBXBuildFile; fileRef = C9ABC2AF27AC5A1700460B77 /* leaderboardDetailViewController.swift */; };
		C9ABC2B327AD854000460B77 /* LeaderboardTableViewCell.swift in Sources */ = {isa = PBXBuildFile; fileRef = C9ABC2B127AD853F00460B77 /* LeaderboardTableViewCell.swift */; };
		C9ABC2B427AD854000460B77 /* LeaderboardTableViewCell.xib in Resources */ = {isa = PBXBuildFile; fileRef = C9ABC2B227AD853F00460B77 /* LeaderboardTableViewCell.xib */; };
		C9BD514D278F9092000D83DD /* LocalNotificationSound.mp3 in Resources */ = {isa = PBXBuildFile; fileRef = C9BD514C278F9091000D83DD /* LocalNotificationSound.mp3 */; };
		C9E316DE27A9A1DE000CA001 /* leaderboardViewController.swift in Sources */ = {isa = PBXBuildFile; fileRef = C9E316DD27A9A1DE000CA001 /* leaderboardViewController.swift */; };
		C9E316E027A9AD9E000CA001 /* PlayerForLB.swift in Sources */ = {isa = PBXBuildFile; fileRef = C9E316DF27A9AD9E000CA001 /* PlayerForLB.swift */; };
		C9F033BD274F4606000E3EF6 /* arcade.wav in Resources */ = {isa = PBXBuildFile; fileRef = C9F033BC274F4606000E3EF6 /* arcade.wav */; };
		C9F921A527B713C80071DC2D /* ProfileVerificationViewController.swift in Sources */ = {isa = PBXBuildFile; fileRef = C9F921A427B713C80071DC2D /* ProfileVerificationViewController.swift */; };
		C9FA01A027A31B2E00612E10 /* Player.swift in Sources */ = {isa = PBXBuildFile; fileRef = C9FA019F27A31B2E00612E10 /* Player.swift */; };
		C9FA01A227A366FD00612E10 /* Phone.swift in Sources */ = {isa = PBXBuildFile; fileRef = C9FA01A127A366FD00612E10 /* Phone.swift */; };
		C9FA01A427A36A0200612E10 /* Username.swift in Sources */ = {isa = PBXBuildFile; fileRef = C9FA01A327A36A0200612E10 /* Username.swift */; };
/* End PBXBuildFile section */

/* Begin PBXFileReference section */
		35C1DA65F07F96F2F6FE174C /* Pods-Silent Rock.release.xcconfig */ = {isa = PBXFileReference; includeInIndex = 1; lastKnownFileType = text.xcconfig; name = "Pods-Silent Rock.release.xcconfig"; path = "Target Support Files/Pods-Silent Rock/Pods-Silent Rock.release.xcconfig"; sourceTree = "<group>"; };
		999867BDA14D5C59642FCD7F /* Pods_Silent_Rock.framework */ = {isa = PBXFileReference; explicitFileType = wrapper.framework; includeInIndex = 0; path = Pods_Silent_Rock.framework; sourceTree = BUILT_PRODUCTS_DIR; };
		C91D870B273C2F6B00283190 /* Silent Rock.app */ = {isa = PBXFileReference; explicitFileType = wrapper.application; includeInIndex = 0; path = "Silent Rock.app"; sourceTree = BUILT_PRODUCTS_DIR; };
		C91D870E273C2F6B00283190 /* AppDelegate.swift */ = {isa = PBXFileReference; lastKnownFileType = sourcecode.swift; path = AppDelegate.swift; sourceTree = "<group>"; };
		C91D8710273C2F6B00283190 /* SceneDelegate.swift */ = {isa = PBXFileReference; lastKnownFileType = sourcecode.swift; path = SceneDelegate.swift; sourceTree = "<group>"; };
		C91D8712273C2F6B00283190 /* ViewController.swift */ = {isa = PBXFileReference; lastKnownFileType = sourcecode.swift; path = ViewController.swift; sourceTree = "<group>"; };
		C91D8715273C2F6B00283190 /* Base */ = {isa = PBXFileReference; lastKnownFileType = file.storyboard; name = Base; path = Base.lproj/Main.storyboard; sourceTree = "<group>"; };
		C91D8717273C2F6F00283190 /* Assets.xcassets */ = {isa = PBXFileReference; lastKnownFileType = folder.assetcatalog; path = Assets.xcassets; sourceTree = "<group>"; };
		C91D871A273C2F6F00283190 /* Base */ = {isa = PBXFileReference; lastKnownFileType = file.storyboard; name = Base; path = Base.lproj/LaunchScreen.storyboard; sourceTree = "<group>"; };
		C91D871C273C2F6F00283190 /* Info.plist */ = {isa = PBXFileReference; lastKnownFileType = text.plist.xml; path = Info.plist; sourceTree = "<group>"; };
		C91D8725273C35CA00283190 /* BorderButton.swift */ = {isa = PBXFileReference; lastKnownFileType = sourcecode.swift; path = BorderButton.swift; sourceTree = "<group>"; };
		C91F079F28AC2C700028FE4F /* GoogleService-Info.plist */ = {isa = PBXFileReference; fileEncoding = 4; lastKnownFileType = text.plist.xml; path = "GoogleService-Info.plist"; sourceTree = "<group>"; };
		C92ADF9A27A7818E002A0030 /* VerificationCode.swift */ = {isa = PBXFileReference; lastKnownFileType = sourcecode.swift; path = VerificationCode.swift; sourceTree = "<group>"; };
		C92ADF9C27A79282002A0030 /* profileViewController.swift */ = {isa = PBXFileReference; lastKnownFileType = sourcecode.swift; path = profileViewController.swift; sourceTree = "<group>"; };
		C937292327B1AEFA00A8265D /* BorderTable.swift */ = {isa = PBXFileReference; lastKnownFileType = sourcecode.swift; path = BorderTable.swift; sourceTree = "<group>"; };
		C937292527B1C83E00A8265D /* addFriendsTableViewCell.swift */ = {isa = PBXFileReference; lastKnownFileType = sourcecode.swift; path = addFriendsTableViewCell.swift; sourceTree = "<group>"; };
		C937292627B1C83E00A8265D /* addFriendsTableViewCell.xib */ = {isa = PBXFileReference; lastKnownFileType = file.xib; path = addFriendsTableViewCell.xib; sourceTree = "<group>"; };
		C937292927B4373D00A8265D /* NotificationTableViewCell.swift */ = {isa = PBXFileReference; lastKnownFileType = sourcecode.swift; path = NotificationTableViewCell.swift; sourceTree = "<group>"; };
		C937292A27B4373D00A8265D /* NotificationTableViewCell.xib */ = {isa = PBXFileReference; lastKnownFileType = file.xib; path = NotificationTableViewCell.xib; sourceTree = "<group>"; };
		C9817C7627DE5959009FBC29 /* TabBarController.swift */ = {isa = PBXFileReference; lastKnownFileType = sourcecode.swift; path = TabBarController.swift; sourceTree = "<group>"; };
		C985836227A08AC1002197FD /* verificationViewController.swift */ = {isa = PBXFileReference; lastKnownFileType = sourcecode.swift; path = verificationViewController.swift; sourceTree = "<group>"; };
		C9957C7E279F7E750062A009 /* loginViewController.swift */ = {isa = PBXFileReference; lastKnownFileType = sourcecode.swift; path = loginViewController.swift; sourceTree = "<group>"; };
		C9957C80279F7F4C0062A009 /* registerViewController.swift */ = {isa = PBXFileReference; lastKnownFileType = sourcecode.swift; path = registerViewController.swift; sourceTree = "<group>"; };
		C9957C8227A0754D0062A009 /* GoogleService-Info.plist */ = {isa = PBXFileReference; fileEncoding = 4; lastKnownFileType = text.plist.xml; path = "GoogleService-Info.plist"; sourceTree = "<group>"; };
		C9957C8927A07C750062A009 /* Silent Rock.entitlements */ = {isa = PBXFileReference; lastKnownFileType = text.plist.entitlements; path = "Silent Rock.entitlements"; sourceTree = "<group>"; };
		C9ABC2A727AC4D1F00460B77 /* Season.swift */ = {isa = PBXFileReference; lastKnownFileType = sourcecode.swift; path = Season.swift; sourceTree = "<group>"; };
		C9ABC2A927AC544F00460B77 /* LocalNotificationSound2.mp3 */ = {isa = PBXFileReference; lastKnownFileType = audio.mp3; path = LocalNotificationSound2.mp3; sourceTree = "<group>"; };
		C9ABC2AB27AC564C00460B77 /* StatsTableViewCell.swift */ = {isa = PBXFileReference; lastKnownFileType = sourcecode.swift; path = StatsTableViewCell.swift; sourceTree = "<group>"; };
		C9ABC2AC27AC564C00460B77 /* StatsTableViewCell.xib */ = {isa = PBXFileReference; lastKnownFileType = file.xib; path = StatsTableViewCell.xib; sourceTree = "<group>"; };
		C9ABC2AF27AC5A1700460B77 /* leaderboardDetailViewController.swift */ = {isa = PBXFileReference; lastKnownFileType = sourcecode.swift; path = leaderboardDetailViewController.swift; sourceTree = "<group>"; };
		C9ABC2B127AD853F00460B77 /* LeaderboardTableViewCell.swift */ = {isa = PBXFileReference; lastKnownFileType = sourcecode.swift; path = LeaderboardTableViewCell.swift; sourceTree = "<group>"; };
		C9ABC2B227AD853F00460B77 /* LeaderboardTableViewCell.xib */ = {isa = PBXFileReference; lastKnownFileType = file.xib; path = LeaderboardTableViewCell.xib; sourceTree = "<group>"; };
		C9BD514C278F9091000D83DD /* LocalNotificationSound.mp3 */ = {isa = PBXFileReference; lastKnownFileType = audio.mp3; path = LocalNotificationSound.mp3; sourceTree = "<group>"; };
		C9E316DD27A9A1DE000CA001 /* leaderboardViewController.swift */ = {isa = PBXFileReference; lastKnownFileType = sourcecode.swift; path = leaderboardViewController.swift; sourceTree = "<group>"; };
		C9E316DF27A9AD9E000CA001 /* PlayerForLB.swift */ = {isa = PBXFileReference; lastKnownFileType = sourcecode.swift; path = PlayerForLB.swift; sourceTree = "<group>"; };
		C9F033BC274F4606000E3EF6 /* arcade.wav */ = {isa = PBXFileReference; lastKnownFileType = audio.wav; path = arcade.wav; sourceTree = "<group>"; };
		C9F921A427B713C80071DC2D /* ProfileVerificationViewController.swift */ = {isa = PBXFileReference; lastKnownFileType = sourcecode.swift; path = ProfileVerificationViewController.swift; sourceTree = "<group>"; };
		C9FA019F27A31B2E00612E10 /* Player.swift */ = {isa = PBXFileReference; lastKnownFileType = sourcecode.swift; path = Player.swift; sourceTree = "<group>"; };
		C9FA01A127A366FD00612E10 /* Phone.swift */ = {isa = PBXFileReference; lastKnownFileType = sourcecode.swift; path = Phone.swift; sourceTree = "<group>"; };
		C9FA01A327A36A0200612E10 /* Username.swift */ = {isa = PBXFileReference; lastKnownFileType = sourcecode.swift; path = Username.swift; sourceTree = "<group>"; };
		D00ABC693533075B2D94844D /* Pods-Silent Rock.debug.xcconfig */ = {isa = PBXFileReference; includeInIndex = 1; lastKnownFileType = text.xcconfig; name = "Pods-Silent Rock.debug.xcconfig"; path = "Target Support Files/Pods-Silent Rock/Pods-Silent Rock.debug.xcconfig"; sourceTree = "<group>"; };
/* End PBXFileReference section */

/* Begin PBXFrameworksBuildPhase section */
		C91D8708273C2F6B00283190 /* Frameworks */ = {
			isa = PBXFrameworksBuildPhase;
			buildActionMask = 2147483647;
			files = (
				C9957C8627A078380062A009 /* FirebaseAnalyticsSwift-Beta in Frameworks */,
				C9957C8827A078380062A009 /* FirebaseAuth in Frameworks */,
				2FB06132F67A516A21558DEB /* Pods_Silent_Rock.framework in Frameworks */,
			);
			runOnlyForDeploymentPostprocessing = 0;
		};
/* End PBXFrameworksBuildPhase section */

/* Begin PBXGroup section */
		7025BD67D29B0F607560E1CE /* Pods */ = {
			isa = PBXGroup;
			children = (
				D00ABC693533075B2D94844D /* Pods-Silent Rock.debug.xcconfig */,
				35C1DA65F07F96F2F6FE174C /* Pods-Silent Rock.release.xcconfig */,
			);
			name = Pods;
			path = Pods;
			sourceTree = "<group>";
		};
		A519B1411AE6EA64EBE8842C /* Frameworks */ = {
			isa = PBXGroup;
			children = (
				999867BDA14D5C59642FCD7F /* Pods_Silent_Rock.framework */,
			);
			name = Frameworks;
			sourceTree = "<group>";
		};
		C91D8702273C2F6B00283190 = {
			isa = PBXGroup;
			children = (
				C91D870D273C2F6B00283190 /* Silent Rock */,
				C91D870C273C2F6B00283190 /* Products */,
				7025BD67D29B0F607560E1CE /* Pods */,
				A519B1411AE6EA64EBE8842C /* Frameworks */,
			);
			sourceTree = "<group>";
		};
		C91D870C273C2F6B00283190 /* Products */ = {
			isa = PBXGroup;
			children = (
				C91D870B273C2F6B00283190 /* Silent Rock.app */,
			);
			name = Products;
			sourceTree = "<group>";
		};
		C91D870D273C2F6B00283190 /* Silent Rock */ = {
			isa = PBXGroup;
			children = (
				C91F079F28AC2C700028FE4F /* GoogleService-Info.plist */,
				C9957C8927A07C750062A009 /* Silent Rock.entitlements */,
				C91D8724273C35A300283190 /* Model */,
				C91D8723273C359A00283190 /* Controller */,
				C91D8722273C358F00283190 /* View */,
				C91D870E273C2F6B00283190 /* AppDelegate.swift */,
				C91D8710273C2F6B00283190 /* SceneDelegate.swift */,
				C9F033BC274F4606000E3EF6 /* arcade.wav */,
				C9BD514C278F9091000D83DD /* LocalNotificationSound.mp3 */,
				C9ABC2A927AC544F00460B77 /* LocalNotificationSound2.mp3 */,
				C91D8714273C2F6B00283190 /* Main.storyboard */,
				C91D8717273C2F6F00283190 /* Assets.xcassets */,
				C91D8719273C2F6F00283190 /* LaunchScreen.storyboard */,
				C91D871C273C2F6F00283190 /* Info.plist */,
				C9957C8227A0754D0062A009 /* GoogleService-Info.plist */,
			);
			path = "Silent Rock";
			sourceTree = "<group>";
		};
		C91D8722273C358F00283190 /* View */ = {
			isa = PBXGroup;
			children = (
				C91D8725273C35CA00283190 /* BorderButton.swift */,
				C9ABC2AB27AC564C00460B77 /* StatsTableViewCell.swift */,
				C9ABC2AC27AC564C00460B77 /* StatsTableViewCell.xib */,
				C9ABC2B127AD853F00460B77 /* LeaderboardTableViewCell.swift */,
				C9ABC2B227AD853F00460B77 /* LeaderboardTableViewCell.xib */,
				C937292327B1AEFA00A8265D /* BorderTable.swift */,
				C937292527B1C83E00A8265D /* addFriendsTableViewCell.swift */,
				C937292627B1C83E00A8265D /* addFriendsTableViewCell.xib */,
				C937292927B4373D00A8265D /* NotificationTableViewCell.swift */,
				C937292A27B4373D00A8265D /* NotificationTableViewCell.xib */,
			);
			path = View;
			sourceTree = "<group>";
		};
		C91D8723273C359A00283190 /* Controller */ = {
			isa = PBXGroup;
			children = (
				C91D8712273C2F6B00283190 /* ViewController.swift */,
				C9957C7E279F7E750062A009 /* loginViewController.swift */,
				C985836227A08AC1002197FD /* verificationViewController.swift */,
				C9957C80279F7F4C0062A009 /* registerViewController.swift */,
				C92ADF9C27A79282002A0030 /* profileViewController.swift */,
				C9E316DD27A9A1DE000CA001 /* leaderboardViewController.swift */,
				C9ABC2AF27AC5A1700460B77 /* leaderboardDetailViewController.swift */,
				C9F921A427B713C80071DC2D /* ProfileVerificationViewController.swift */,
				C9817C7627DE5959009FBC29 /* TabBarController.swift */,
			);
			path = Controller;
			sourceTree = "<group>";
		};
		C91D8724273C35A300283190 /* Model */ = {
			isa = PBXGroup;
			children = (
				C9FA019F27A31B2E00612E10 /* Player.swift */,
				C9FA01A127A366FD00612E10 /* Phone.swift */,
				C9FA01A327A36A0200612E10 /* Username.swift */,
				C92ADF9A27A7818E002A0030 /* VerificationCode.swift */,
				C9E316DF27A9AD9E000CA001 /* PlayerForLB.swift */,
				C9ABC2A727AC4D1F00460B77 /* Season.swift */,
			);
			path = Model;
			sourceTree = "<group>";
		};
/* End PBXGroup section */

/* Begin PBXNativeTarget section */
		C91D870A273C2F6B00283190 /* Silent Rock */ = {
			isa = PBXNativeTarget;
			buildConfigurationList = C91D871F273C2F6F00283190 /* Build configuration list for PBXNativeTarget "Silent Rock" */;
			buildPhases = (
				731B6BEE2C99E2A0EC4C0F35 /* [CP] Check Pods Manifest.lock */,
				C91D8707273C2F6B00283190 /* Sources */,
				C91D8708273C2F6B00283190 /* Frameworks */,
				C91D8709273C2F6B00283190 /* Resources */,
				7CB65857738B44B8E3994988 /* [CP] Embed Pods Frameworks */,
			);
			buildRules = (
			);
			dependencies = (
			);
			name = "Silent Rock";
			packageProductDependencies = (
				C9957C8527A078380062A009 /* FirebaseAnalyticsSwift-Beta */,
				C9957C8727A078380062A009 /* FirebaseAuth */,
			);
			productName = "Silent Rock";
			productReference = C91D870B273C2F6B00283190 /* Silent Rock.app */;
			productType = "com.apple.product-type.application";
		};
/* End PBXNativeTarget section */

/* Begin PBXProject section */
		C91D8703273C2F6B00283190 /* Project object */ = {
			isa = PBXProject;
			attributes = {
				BuildIndependentTargetsInParallel = 1;
				LastSwiftUpdateCheck = 1310;
				LastUpgradeCheck = 1310;
				TargetAttributes = {
					C91D870A273C2F6B00283190 = {
						CreatedOnToolsVersion = 13.1;
					};
				};
			};
			buildConfigurationList = C91D8706273C2F6B00283190 /* Build configuration list for PBXProject "Silent Rock" */;
			compatibilityVersion = "Xcode 13.0";
			developmentRegion = en;
			hasScannedForEncodings = 0;
			knownRegions = (
				en,
				Base,
			);
			mainGroup = C91D8702273C2F6B00283190;
			packageReferences = (
				C9957C8427A078380062A009 /* XCRemoteSwiftPackageReference "firebase-ios-sdk" */,
			);
			productRefGroup = C91D870C273C2F6B00283190 /* Products */;
			projectDirPath = "";
			projectRoot = "";
			targets = (
				C91D870A273C2F6B00283190 /* Silent Rock */,
			);
		};
/* End PBXProject section */

/* Begin PBXResourcesBuildPhase section */
		C91D8709273C2F6B00283190 /* Resources */ = {
			isa = PBXResourcesBuildPhase;
			buildActionMask = 2147483647;
			files = (
				C91D871B273C2F6F00283190 /* LaunchScreen.storyboard in Resources */,
				C9ABC2B427AD854000460B77 /* LeaderboardTableViewCell.xib in Resources */,
				C9BD514D278F9092000D83DD /* LocalNotificationSound.mp3 in Resources */,
				C937292C27B4373F00A8265D /* NotificationTableViewCell.xib in Resources */,
				C91D8718273C2F6F00283190 /* Assets.xcassets in Resources */,
				C91F07A028AC2C710028FE4F /* GoogleService-Info.plist in Resources */,
				C9ABC2AA27AC544F00460B77 /* LocalNotificationSound2.mp3 in Resources */,
				C9F033BD274F4606000E3EF6 /* arcade.wav in Resources */,
				C9ABC2AE27AC564C00460B77 /* StatsTableViewCell.xib in Resources */,
				C937292827B1C83E00A8265D /* addFriendsTableViewCell.xib in Resources */,
				C91D8716273C2F6B00283190 /* Main.storyboard in Resources */,
				C9957C8327A0754D0062A009 /* GoogleService-Info.plist in Resources */,
			);
			runOnlyForDeploymentPostprocessing = 0;
		};
/* End PBXResourcesBuildPhase section */

/* Begin PBXShellScriptBuildPhase section */
		731B6BEE2C99E2A0EC4C0F35 /* [CP] Check Pods Manifest.lock */ = {
			isa = PBXShellScriptBuildPhase;
			buildActionMask = 2147483647;
			files = (
			);
			inputFileListPaths = (
			);
			inputPaths = (
				"${PODS_PODFILE_DIR_PATH}/Podfile.lock",
				"${PODS_ROOT}/Manifest.lock",
			);
			name = "[CP] Check Pods Manifest.lock";
			outputFileListPaths = (
			);
			outputPaths = (
				"$(DERIVED_FILE_DIR)/Pods-Silent Rock-checkManifestLockResult.txt",
			);
			runOnlyForDeploymentPostprocessing = 0;
			shellPath = /bin/sh;
			shellScript = "diff \"${PODS_PODFILE_DIR_PATH}/Podfile.lock\" \"${PODS_ROOT}/Manifest.lock\" > /dev/null\nif [ $? != 0 ] ; then\n    # print error to STDERR\n    echo \"error: The sandbox is not in sync with the Podfile.lock. Run 'pod install' or update your CocoaPods installation.\" >&2\n    exit 1\nfi\n# This output is used by Xcode 'outputs' to avoid re-running this script phase.\necho \"SUCCESS\" > \"${SCRIPT_OUTPUT_FILE_0}\"\n";
			showEnvVarsInLog = 0;
		};
		7CB65857738B44B8E3994988 /* [CP] Embed Pods Frameworks */ = {
			isa = PBXShellScriptBuildPhase;
			buildActionMask = 2147483647;
			files = (
			);
			inputFileListPaths = (
				"${PODS_ROOT}/Target Support Files/Pods-Silent Rock/Pods-Silent Rock-frameworks-${CONFIGURATION}-input-files.xcfilelist",
			);
			name = "[CP] Embed Pods Frameworks";
			outputFileListPaths = (
				"${PODS_ROOT}/Target Support Files/Pods-Silent Rock/Pods-Silent Rock-frameworks-${CONFIGURATION}-output-files.xcfilelist",
			);
			runOnlyForDeploymentPostprocessing = 0;
			shellPath = /bin/sh;
			shellScript = "\"${PODS_ROOT}/Target Support Files/Pods-Silent Rock/Pods-Silent Rock-frameworks.sh\"\n";
			showEnvVarsInLog = 0;
		};
/* End PBXShellScriptBuildPhase section */

/* Begin PBXSourcesBuildPhase section */
		C91D8707273C2F6B00283190 /* Sources */ = {
			isa = PBXSourcesBuildPhase;
			buildActionMask = 2147483647;
			files = (
				C937292B27B4373F00A8265D /* NotificationTableViewCell.swift in Sources */,
				C91D8713273C2F6B00283190 /* ViewController.swift in Sources */,
				C9ABC2AD27AC564C00460B77 /* StatsTableViewCell.swift in Sources */,
				C9F921A527B713C80071DC2D /* ProfileVerificationViewController.swift in Sources */,
				C9FA01A427A36A0200612E10 /* Username.swift in Sources */,
				C9817C7727DE5959009FBC29 /* TabBarController.swift in Sources */,
				C92ADF9D27A79282002A0030 /* profileViewController.swift in Sources */,
				C985836327A08AC1002197FD /* verificationViewController.swift in Sources */,
				C9E316E027A9AD9E000CA001 /* PlayerForLB.swift in Sources */,
				C9ABC2B027AC5A1700460B77 /* leaderboardDetailViewController.swift in Sources */,
				C9957C7F279F7E750062A009 /* loginViewController.swift in Sources */,
				C91D870F273C2F6B00283190 /* AppDelegate.swift in Sources */,
				C9ABC2B327AD854000460B77 /* LeaderboardTableViewCell.swift in Sources */,
				C9ABC2A827AC4D1F00460B77 /* Season.swift in Sources */,
				C92ADF9B27A7818E002A0030 /* VerificationCode.swift in Sources */,
				C9FA01A227A366FD00612E10 /* Phone.swift in Sources */,
				C9FA01A027A31B2E00612E10 /* Player.swift in Sources */,
				C91D8711273C2F6B00283190 /* SceneDelegate.swift in Sources */,
				C937292727B1C83E00A8265D /* addFriendsTableViewCell.swift in Sources */,
				C937292427B1AEFA00A8265D /* BorderTable.swift in Sources */,
				C91D8726273C35CA00283190 /* BorderButton.swift in Sources */,
				C9E316DE27A9A1DE000CA001 /* leaderboardViewController.swift in Sources */,
				C9957C81279F7F4C0062A009 /* registerViewController.swift in Sources */,
			);
			runOnlyForDeploymentPostprocessing = 0;
		};
/* End PBXSourcesBuildPhase section */

/* Begin PBXVariantGroup section */
		C91D8714273C2F6B00283190 /* Main.storyboard */ = {
			isa = PBXVariantGroup;
			children = (
				C91D8715273C2F6B00283190 /* Base */,
			);
			name = Main.storyboard;
			sourceTree = "<group>";
		};
		C91D8719273C2F6F00283190 /* LaunchScreen.storyboard */ = {
			isa = PBXVariantGroup;
			children = (
				C91D871A273C2F6F00283190 /* Base */,
			);
			name = LaunchScreen.storyboard;
			sourceTree = "<group>";
		};
/* End PBXVariantGroup section */

/* Begin XCBuildConfiguration section */
		C91D871D273C2F6F00283190 /* Debug */ = {
			isa = XCBuildConfiguration;
			buildSettings = {
				ALWAYS_SEARCH_USER_PATHS = NO;
				CLANG_ANALYZER_NONNULL = YES;
				CLANG_ANALYZER_NUMBER_OBJECT_CONVERSION = YES_AGGRESSIVE;
				CLANG_CXX_LANGUAGE_STANDARD = "gnu++17";
				CLANG_CXX_LIBRARY = "libc++";
				CLANG_ENABLE_MODULES = YES;
				CLANG_ENABLE_OBJC_ARC = YES;
				CLANG_ENABLE_OBJC_WEAK = YES;
				CLANG_WARN_BLOCK_CAPTURE_AUTORELEASING = YES;
				CLANG_WARN_BOOL_CONVERSION = YES;
				CLANG_WARN_COMMA = YES;
				CLANG_WARN_CONSTANT_CONVERSION = YES;
				CLANG_WARN_DEPRECATED_OBJC_IMPLEMENTATIONS = YES;
				CLANG_WARN_DIRECT_OBJC_ISA_USAGE = YES_ERROR;
				CLANG_WARN_DOCUMENTATION_COMMENTS = YES;
				CLANG_WARN_EMPTY_BODY = YES;
				CLANG_WARN_ENUM_CONVERSION = YES;
				CLANG_WARN_INFINITE_RECURSION = YES;
				CLANG_WARN_INT_CONVERSION = YES;
				CLANG_WARN_NON_LITERAL_NULL_CONVERSION = YES;
				CLANG_WARN_OBJC_IMPLICIT_RETAIN_SELF = YES;
				CLANG_WARN_OBJC_LITERAL_CONVERSION = YES;
				CLANG_WARN_OBJC_ROOT_CLASS = YES_ERROR;
				CLANG_WARN_QUOTED_INCLUDE_IN_FRAMEWORK_HEADER = YES;
				CLANG_WARN_RANGE_LOOP_ANALYSIS = YES;
				CLANG_WARN_STRICT_PROTOTYPES = YES;
				CLANG_WARN_SUSPICIOUS_MOVE = YES;
				CLANG_WARN_UNGUARDED_AVAILABILITY = YES_AGGRESSIVE;
				CLANG_WARN_UNREACHABLE_CODE = YES;
				CLANG_WARN__DUPLICATE_METHOD_MATCH = YES;
				COPY_PHASE_STRIP = NO;
				DEBUG_INFORMATION_FORMAT = dwarf;
				ENABLE_STRICT_OBJC_MSGSEND = YES;
				ENABLE_TESTABILITY = YES;
				GCC_C_LANGUAGE_STANDARD = gnu11;
				GCC_DYNAMIC_NO_PIC = NO;
				GCC_NO_COMMON_BLOCKS = YES;
				GCC_OPTIMIZATION_LEVEL = 0;
				GCC_PREPROCESSOR_DEFINITIONS = (
					"DEBUG=1",
					"$(inherited)",
				);
				GCC_WARN_64_TO_32_BIT_CONVERSION = YES;
				GCC_WARN_ABOUT_RETURN_TYPE = YES_ERROR;
				GCC_WARN_UNDECLARED_SELECTOR = YES;
				GCC_WARN_UNINITIALIZED_AUTOS = YES_AGGRESSIVE;
				GCC_WARN_UNUSED_FUNCTION = YES;
				GCC_WARN_UNUSED_VARIABLE = YES;
				IPHONEOS_DEPLOYMENT_TARGET = 15.0;
				MTL_ENABLE_DEBUG_INFO = INCLUDE_SOURCE;
				MTL_FAST_MATH = YES;
				ONLY_ACTIVE_ARCH = YES;
				SDKROOT = iphoneos;
				SWIFT_ACTIVE_COMPILATION_CONDITIONS = DEBUG;
				SWIFT_OPTIMIZATION_LEVEL = "-Onone";
			};
			name = Debug;
		};
		C91D871E273C2F6F00283190 /* Release */ = {
			isa = XCBuildConfiguration;
			buildSettings = {
				ALWAYS_SEARCH_USER_PATHS = NO;
				CLANG_ANALYZER_NONNULL = YES;
				CLANG_ANALYZER_NUMBER_OBJECT_CONVERSION = YES_AGGRESSIVE;
				CLANG_CXX_LANGUAGE_STANDARD = "gnu++17";
				CLANG_CXX_LIBRARY = "libc++";
				CLANG_ENABLE_MODULES = YES;
				CLANG_ENABLE_OBJC_ARC = YES;
				CLANG_ENABLE_OBJC_WEAK = YES;
				CLANG_WARN_BLOCK_CAPTURE_AUTORELEASING = YES;
				CLANG_WARN_BOOL_CONVERSION = YES;
				CLANG_WARN_COMMA = YES;
				CLANG_WARN_CONSTANT_CONVERSION = YES;
				CLANG_WARN_DEPRECATED_OBJC_IMPLEMENTATIONS = YES;
				CLANG_WARN_DIRECT_OBJC_ISA_USAGE = YES_ERROR;
				CLANG_WARN_DOCUMENTATION_COMMENTS = YES;
				CLANG_WARN_EMPTY_BODY = YES;
				CLANG_WARN_ENUM_CONVERSION = YES;
				CLANG_WARN_INFINITE_RECURSION = YES;
				CLANG_WARN_INT_CONVERSION = YES;
				CLANG_WARN_NON_LITERAL_NULL_CONVERSION = YES;
				CLANG_WARN_OBJC_IMPLICIT_RETAIN_SELF = YES;
				CLANG_WARN_OBJC_LITERAL_CONVERSION = YES;
				CLANG_WARN_OBJC_ROOT_CLASS = YES_ERROR;
				CLANG_WARN_QUOTED_INCLUDE_IN_FRAMEWORK_HEADER = YES;
				CLANG_WARN_RANGE_LOOP_ANALYSIS = YES;
				CLANG_WARN_STRICT_PROTOTYPES = YES;
				CLANG_WARN_SUSPICIOUS_MOVE = YES;
				CLANG_WARN_UNGUARDED_AVAILABILITY = YES_AGGRESSIVE;
				CLANG_WARN_UNREACHABLE_CODE = YES;
				CLANG_WARN__DUPLICATE_METHOD_MATCH = YES;
				COPY_PHASE_STRIP = NO;
				DEBUG_INFORMATION_FORMAT = "dwarf-with-dsym";
				ENABLE_NS_ASSERTIONS = NO;
				ENABLE_STRICT_OBJC_MSGSEND = YES;
				GCC_C_LANGUAGE_STANDARD = gnu11;
				GCC_NO_COMMON_BLOCKS = YES;
				GCC_WARN_64_TO_32_BIT_CONVERSION = YES;
				GCC_WARN_ABOUT_RETURN_TYPE = YES_ERROR;
				GCC_WARN_UNDECLARED_SELECTOR = YES;
				GCC_WARN_UNINITIALIZED_AUTOS = YES_AGGRESSIVE;
				GCC_WARN_UNUSED_FUNCTION = YES;
				GCC_WARN_UNUSED_VARIABLE = YES;
				IPHONEOS_DEPLOYMENT_TARGET = 15.0;
				MTL_ENABLE_DEBUG_INFO = NO;
				MTL_FAST_MATH = YES;
				SDKROOT = iphoneos;
				SWIFT_COMPILATION_MODE = wholemodule;
				SWIFT_OPTIMIZATION_LEVEL = "-O";
				VALIDATE_PRODUCT = YES;
			};
			name = Release;
		};
		C91D8720273C2F6F00283190 /* Debug */ = {
			isa = XCBuildConfiguration;
			baseConfigurationReference = D00ABC693533075B2D94844D /* Pods-Silent Rock.debug.xcconfig */;
			buildSettings = {
				ASSETCATALOG_COMPILER_APPICON_NAME = AppIcon;
				ASSETCATALOG_COMPILER_GLOBAL_ACCENT_COLOR_NAME = AccentColor;
				CODE_SIGN_ENTITLEMENTS = "Silent Rock/Silent Rock.entitlements";
				CODE_SIGN_STYLE = Automatic;
				CURRENT_PROJECT_VERSION = 1;
				DEVELOPMENT_TEAM = 3AP6R4PMV3;
				GENERATE_INFOPLIST_FILE = YES;
				INFOPLIST_FILE = "Silent Rock/Info.plist";
				INFOPLIST_KEY_NSLocationAlwaysAndWhenInUseUsageDescription = "The app uses your location in order to monitor your proximity to Silent Rock. The app collects your location starting when you press the \"start\" button until you press the \"stop\" button or the app is closed.";
				INFOPLIST_KEY_NSLocationWhenInUseUsageDescription = "The app uses your location in order to monitor your proximity to Silent Rock. The app collects your location starting when you press the \"start\" button until you press the \"stop\" button or the app is closed.";
				INFOPLIST_KEY_UIApplicationSupportsIndirectInputEvents = YES;
				INFOPLIST_KEY_UILaunchStoryboardName = LaunchScreen;
				INFOPLIST_KEY_UIMainStoryboardFile = Main;
				INFOPLIST_KEY_UISupportedInterfaceOrientations = UIInterfaceOrientationPortrait;
				INFOPLIST_KEY_UISupportedInterfaceOrientations_iPad = "UIInterfaceOrientationPortrait UIInterfaceOrientationPortraitUpsideDown UIInterfaceOrientationLandscapeLeft UIInterfaceOrientationLandscapeRight";
				INFOPLIST_KEY_UISupportedInterfaceOrientations_iPhone = "UIInterfaceOrientationPortrait UIInterfaceOrientationLandscapeLeft UIInterfaceOrientationLandscapeRight";
				LD_RUNPATH_SEARCH_PATHS = (
					"$(inherited)",
					"@executable_path/Frameworks",
				);
				MARKETING_VERSION = 1.0;
				PRODUCT_BUNDLE_IDENTIFIER = "Michelle-Bodart.Silent-Rock";
				PRODUCT_NAME = "$(TARGET_NAME)";
				SWIFT_EMIT_LOC_STRINGS = YES;
				SWIFT_VERSION = 5.0;
				TARGETED_DEVICE_FAMILY = 1;
			};
			name = Debug;
		};
		C91D8721273C2F6F00283190 /* Release */ = {
			isa = XCBuildConfiguration;
			baseConfigurationReference = 35C1DA65F07F96F2F6FE174C /* Pods-Silent Rock.release.xcconfig */;
			buildSettings = {
				ASSETCATALOG_COMPILER_APPICON_NAME = AppIcon;
				ASSETCATALOG_COMPILER_GLOBAL_ACCENT_COLOR_NAME = AccentColor;
				CODE_SIGN_ENTITLEMENTS = "Silent Rock/Silent Rock.entitlements";
				CODE_SIGN_STYLE = Automatic;
				CURRENT_PROJECT_VERSION = 1;
				DEVELOPMENT_TEAM = 3AP6R4PMV3;
				GENERATE_INFOPLIST_FILE = YES;
				INFOPLIST_FILE = "Silent Rock/Info.plist";
				INFOPLIST_KEY_NSLocationAlwaysAndWhenInUseUsageDescription = "The app uses your location in order to monitor your proximity to Silent Rock. The app collects your location starting when you press the \"start\" button until you press the \"stop\" button or the app is closed.";
				INFOPLIST_KEY_NSLocationWhenInUseUsageDescription = "The app uses your location in order to monitor your proximity to Silent Rock. The app collects your location starting when you press the \"start\" button until you press the \"stop\" button or the app is closed.";
				INFOPLIST_KEY_UIApplicationSupportsIndirectInputEvents = YES;
				INFOPLIST_KEY_UILaunchStoryboardName = LaunchScreen;
				INFOPLIST_KEY_UIMainStoryboardFile = Main;
				INFOPLIST_KEY_UISupportedInterfaceOrientations = UIInterfaceOrientationPortrait;
				INFOPLIST_KEY_UISupportedInterfaceOrientations_iPad = "UIInterfaceOrientationPortrait UIInterfaceOrientationPortraitUpsideDown UIInterfaceOrientationLandscapeLeft UIInterfaceOrientationLandscapeRight";
				INFOPLIST_KEY_UISupportedInterfaceOrientations_iPhone = "UIInterfaceOrientationPortrait UIInterfaceOrientationLandscapeLeft UIInterfaceOrientationLandscapeRight";
				LD_RUNPATH_SEARCH_PATHS = (
					"$(inherited)",
					"@executable_path/Frameworks",
				);
				MARKETING_VERSION = 1.0;
				PRODUCT_BUNDLE_IDENTIFIER = "Michelle-Bodart.Silent-Rock";
				PRODUCT_NAME = "$(TARGET_NAME)";
				SWIFT_EMIT_LOC_STRINGS = YES;
				SWIFT_VERSION = 5.0;
				TARGETED_DEVICE_FAMILY = 1;
			};
			name = Release;
		};
/* End XCBuildConfiguration section */

/* Begin XCConfigurationList section */
		C91D8706273C2F6B00283190 /* Build configuration list for PBXProject "Silent Rock" */ = {
			isa = XCConfigurationList;
			buildConfigurations = (
				C91D871D273C2F6F00283190 /* Debug */,
				C91D871E273C2F6F00283190 /* Release */,
			);
			defaultConfigurationIsVisible = 0;
			defaultConfigurationName = Release;
		};
		C91D871F273C2F6F00283190 /* Build configuration list for PBXNativeTarget "Silent Rock" */ = {
			isa = XCConfigurationList;
			buildConfigurations = (
				C91D8720273C2F6F00283190 /* Debug */,
				C91D8721273C2F6F00283190 /* Release */,
			);
			defaultConfigurationIsVisible = 0;
			defaultConfigurationName = Release;
		};
/* End XCConfigurationList section */

/* Begin XCRemoteSwiftPackageReference section */
		C9957C8427A078380062A009 /* XCRemoteSwiftPackageReference "firebase-ios-sdk" */ = {
			isa = XCRemoteSwiftPackageReference;
			repositoryURL = "https://github.com/firebase/firebase-ios-sdk";
			requirement = {
				kind = upToNextMajorVersion;
				minimumVersion = 8.0.0;
			};
		};
/* End XCRemoteSwiftPackageReference section */

/* Begin XCSwiftPackageProductDependency section */
		C9957C8527A078380062A009 /* FirebaseAnalyticsSwift-Beta */ = {
			isa = XCSwiftPackageProductDependency;
			package = C9957C8427A078380062A009 /* XCRemoteSwiftPackageReference "firebase-ios-sdk" */;
			productName = "FirebaseAnalyticsSwift-Beta";
		};
		C9957C8727A078380062A009 /* FirebaseAuth */ = {
			isa = XCSwiftPackageProductDependency;
			package = C9957C8427A078380062A009 /* XCRemoteSwiftPackageReference "firebase-ios-sdk" */;
			productName = FirebaseAuth;
		};
/* End XCSwiftPackageProductDependency section */
	};
	rootObject = C91D8703273C2F6B00283190 /* Project object */;
}
